# THIS IS AN AUTOGENERATED FILE. DO NOT EDIT THIS FILE DIRECTLY.
# yarn lockfile v1


"@digitalbazaar/http-client@^1.1.0":
  version "1.2.0"
  resolved "https://registry.yarnpkg.com/@digitalbazaar/http-client/-/http-client-1.2.0.tgz#1ea3661e77000a15bd892a294f20dc6cc5d1c93b"
  integrity sha512-W9KQQ5pUJcaR0I4c2HPJC0a7kRbZApIorZgPnEDwMBgj16iQzutGLrCXYaZOmxqVLVNqqlQ4aUJh+HBQZy4W6Q==
  dependencies:
    esm "^3.2.22"
    ky "^0.25.1"
    ky-universal "^0.8.2"

"@graphy/content.nq.read@^4.3.3":
  version "4.3.4"
  resolved "https://registry.yarnpkg.com/@graphy/content.nq.read/-/content.nq.read-4.3.4.tgz#51d772ee2513dd8f39258bb355a3d81598d673d3"
  integrity sha512-Z438rZfkfzn7MgpCZGDfdA7zlkMEsc2sF/egTkiyqXj2tjLg3cQKdMYADcFQBxozk0bPqhsqCN3GWjYvE+R/Lg==
  dependencies:
    "@graphy/core.data.factory" "^4.3.4"
    "@graphy/core.iso.stream" "^4.3.4"

"@graphy/content.trig.read@^4.3.3":
  version "4.3.4"
  resolved "https://registry.yarnpkg.com/@graphy/content.trig.read/-/content.trig.read-4.3.4.tgz#fdfba0e66b8bfb928de82660904bbb0197b3e7db"
  integrity sha512-kShOOxR/OgK/cX/rlkcAyGtwc2kPdvQv2KBEMrrqGLMwQoRUDZiYOZlwepmRTX84KR3gYXpCh78OsftjuIVAiA==
  dependencies:
    "@graphy/core.data.factory" "^4.3.4"
    "@graphy/core.iso.stream" "^4.3.4"
    uri-js "^4.4.0"

"@graphy/content.trig.write@^4.3.3":
  version "4.3.4"
  resolved "https://registry.yarnpkg.com/@graphy/content.trig.write/-/content.trig.write-4.3.4.tgz#1b838dc36aa21c761462222303ab2c8383740377"
  integrity sha512-mRQF/B/KZV1b1isw+UOJUm7auzwnfqUt7U670mNjTpa5fdfnqVWtMIEPMkD2o+Wis87UKejjUojNPAFfFBZ85g==
  dependencies:
    "@graphy/core.class.writable" "^4.3.4"
    "@graphy/core.data.factory" "^4.3.4"
    big-integer "^1.6.48"

"@graphy/content.ttl.write@^4.3.3":
  version "4.3.4"
  resolved "https://registry.yarnpkg.com/@graphy/content.ttl.write/-/content.ttl.write-4.3.4.tgz#58335abec9afddb81d034298b65981477efe3352"
  integrity sha512-riXl3z7xP6cVG9rnBtpDckmMFikVQr3kcmfTMR3mB+LTR3JAMO5BGS5NOHu5kWW4wKTCvS6rJRD5N+WrxeDxtg==
  dependencies:
    "@graphy/core.class.writable" "^4.3.4"
    "@graphy/core.data.factory" "^4.3.4"
    big-integer "^1.6.48"

"@graphy/content.xml.scribe@^4.3.3":
  version "4.3.4"
  resolved "https://registry.yarnpkg.com/@graphy/content.xml.scribe/-/content.xml.scribe-4.3.4.tgz#dc836f9bbdf8c5f2740319cd9a0538f639be1bdb"
  integrity sha512-SkcQB5lBzFs73KupxiLgpsdtblU7W8AtalWEVeHEXq7RaQSi/ogE3d/6kTXYbMghdDHr2aGRpuHA+epivbfY5w==
  dependencies:
    "@graphy/core.class.writable" "^4.3.4"
    "@graphy/core.data.factory" "^4.3.4"

"@graphy/core.class.scribable@^4.3.4":
  version "4.3.4"
  resolved "https://registry.yarnpkg.com/@graphy/core.class.scribable/-/core.class.scribable-4.3.4.tgz#28c15d35c343537f4ea16ce401e258f1a3c8a16a"
  integrity sha512-miZ/rYApkl6jLIxRUWlh0KxDaV2GQVzY9Ejn1zJ71FxYfRfkQRf6ToV7aKQfySlkehFfBrVnzHe9WgZqNQz6Mg==
  dependencies:
    "@graphy/core.data.factory" "^4.3.4"
    "@graphy/core.iso.stream" "^4.3.4"

"@graphy/core.class.writable@^4.3.4":
  version "4.3.4"
  resolved "https://registry.yarnpkg.com/@graphy/core.class.writable/-/core.class.writable-4.3.4.tgz#e632384a0b263cdc67c1b6b82ae5839ef4692e19"
  integrity sha512-B1dhE/Kg/jVgXUW7scgKVfNJC5IHs7tT81DZRs7Vt6zdqwM4bi3fgEfUb2dTe40PetUY7gu5qR2sXXn06UtoQw==
  dependencies:
    "@graphy/core.class.scribable" "^4.3.4"
    "@graphy/core.data.factory" "^4.3.4"

"@graphy/core.data.factory@^4.3.3", "@graphy/core.data.factory@^4.3.4":
  version "4.3.4"
  resolved "https://registry.yarnpkg.com/@graphy/core.data.factory/-/core.data.factory-4.3.4.tgz#738998f1785e79b245dcb02afafc1c281926100e"
  integrity sha512-IH/WkKG6kqfqNGgHIAseYXHkQTvWvjQsuDrfy+1IvOhFzJC8hRhqcBlse7ik4Cc7lzoWZWd6alQU3RA89D7nmw==
  dependencies:
    uri-js "^4.4.0"

"@graphy/core.iso.stream@^4.3.4":
  version "4.3.4"
  resolved "https://registry.yarnpkg.com/@graphy/core.iso.stream/-/core.iso.stream-4.3.4.tgz#f275c123d075ee9cc3a71526553e89658caaafc9"
  integrity sha512-b66gmPVFC1a6RflI423Joq2gZ1BlIBfr2CiKChSzqlAYgzFWqQSKcI6ECP7gctZdezNc3h54t1+FljxPef3Ufg==
  dependencies:
    readable-stream "^3.6.0"

"@rdf-esm/data-model@^0.5.1", "@rdf-esm/data-model@^0.5.4":
  version "0.5.4"
  resolved "https://registry.yarnpkg.com/@rdf-esm/data-model/-/data-model-0.5.4.tgz#bd0f7aba4415240387f26ef0cd05ebb6b444f47f"
  integrity sha512-EINrtebCO6aT9e8vLmkaFFs317sCRj9cdFlKexvZA+7bLwcKrmcQLwC+nnnyBurtypHzWlokbLvp1SZHQWiH3w==
  dependencies:
    "@rdfjs/data-model" "^1.2"

"@rdf-esm/formats-common@^0.5.5":
  version "0.5.6"
  resolved "https://registry.yarnpkg.com/@rdf-esm/formats-common/-/formats-common-0.5.6.tgz#5147693c49ee4bf9a742e2cf3c102a9a9dffef94"
  integrity sha512-7C/Cp9ZHF5WyJMPzHMoXnIymxhAytQJSVV3yndqVX8B06F+a55esh9GStrocLc6yeblLugNez92erpSlPSLw2A==
  dependencies:
    "@rdf-esm/sink-map" "^0.5.5"
    "@rdfjs/parser-jsonld" "^1.2.2"
    "@rdfjs/parser-n3" "^1.1.4"
    "@rdfjs/serializer-jsonld" "^1.2.3"
    "@rdfjs/serializer-ntriples" "^1.0.3"
    rdfxml-streaming-parser "^1.5.0"

"@rdf-esm/namespace@^0.5.1":
  version "0.5.5"
  resolved "https://registry.yarnpkg.com/@rdf-esm/namespace/-/namespace-0.5.5.tgz#932e2a752c348eccd2faea66e4180c85c67e3e1e"
  integrity sha512-JF26H4Mx+N93qIOu3KMsjdUW6As+dhvq9wP2Q03fjiS4l1rG+gKwfKUop8CHtVETVeDcNsO3+Srrq0wiQgAPDw==
  dependencies:
    "@rdf-esm/data-model" "^0.5.1"
    "@rdfjs/namespace" "^1.1.0"
    "@types/rdfjs__namespace" "*"

"@rdf-esm/sink-map@^0.5.4", "@rdf-esm/sink-map@^0.5.5":
  version "0.5.5"
  resolved "https://registry.yarnpkg.com/@rdf-esm/sink-map/-/sink-map-0.5.5.tgz#3a11f1d5362decfe78e51af4a827591858ddab23"
  integrity sha512-Uk3z74s3+R6f3bm44NReOd/mM8O9Bm3iT83qieXAH2XumlLsd4aBoxN6AnTxlUzv3qb5DCf0mk8fjNl55bhoIQ==
  dependencies:
    readable-stream "^3.6.0"

"@rdf-esm/term-map@^0.5.0":
  version "0.5.1"
  resolved "https://registry.yarnpkg.com/@rdf-esm/term-map/-/term-map-0.5.1.tgz#79b4236d58d52d88a3713e3386bb139faf9f45aa"
  integrity sha512-Yq/5hBFt90q/eru2i9NVBxAayaGI/oWTPH1+6VoFueiaKSVl4Pf4lMX98/Hg/si5Ql0gG4B4wqBbFItl4LDI0A==
  dependencies:
    "@rdf-esm/to-ntriples" "^0.6.0"
    "@rdfjs/term-map" "^1.0.0"

"@rdf-esm/to-ntriples@^0.6.0":
  version "0.6.0"
  resolved "https://registry.yarnpkg.com/@rdf-esm/to-ntriples/-/to-ntriples-0.6.0.tgz#ae4fc377f5af79e024cbb63cd601c7c21b64b73b"
  integrity sha512-984lPZhKmFuLuJ74Q8SqtwzDDS43V98QXjpvu6jmlXEF2xQHwItmQk0AZ9Cyf26f3EiTVfLn3JHGWwkB0AK8IQ==
  dependencies:
    "@rdfjs/to-ntriples" "^2.0.0"

"@rdfjs-elements/formats-pretty@^0.5.1":
  version "0.5.1"
  resolved "https://registry.yarnpkg.com/@rdfjs-elements/formats-pretty/-/formats-pretty-0.5.1.tgz#423540302a2150a60a739515ed916170a5aea15a"
  integrity sha512-3J/ZvD8rDNwiCsS18wM7UrjzweQ8vodbR9tTRUuYXcHgOce3XX3BMc+eKj2UKrP9OAJOq3v66WRvsHobHmOwHA==
  dependencies:
    "@graphy/content.nq.read" "^4.3.3"
    "@graphy/content.trig.read" "^4.3.3"
    "@graphy/content.trig.write" "^4.3.3"
    "@graphy/content.ttl.write" "^4.3.3"
    "@graphy/content.xml.scribe" "^4.3.3"
    "@graphy/core.data.factory" "^4.3.3"
    "@rdf-esm/formats-common" "^0.5.5"
    "@rdf-esm/sink-map" "^0.5.4"
    "@rdf-esm/term-map" "^0.5.0"
    "@rdfjs/serializer-jsonld-ext" "^3.0.0"
    "@tpluscode/rdf-ns-builders" "^2"
    readable-stream "^3.6.0"

"@rdfjs/data-model@^1.0.1", "@rdfjs/data-model@^1.1.0", "@rdfjs/data-model@^1.2", "@rdfjs/data-model@^1.2.0", "@rdfjs/data-model@^1.3.3", "@rdfjs/data-model@^1.3.4":
  version "1.3.4"
  resolved "https://registry.yarnpkg.com/@rdfjs/data-model/-/data-model-1.3.4.tgz#2b1b3e52755ab1283bf66aa2d3ac97fd8a0332c2"
  integrity sha512-iKzNcKvJotgbFDdti7GTQDCYmL7GsGldkYStiP0K8EYtN7deJu5t7U11rKTz+nR7RtesUggT+lriZ7BakFv8QQ==
  dependencies:
    "@rdfjs/types" ">=1.0.1"

"@rdfjs/dataset@^1.1.1":
  version "1.1.1"
  resolved "https://registry.yarnpkg.com/@rdfjs/dataset/-/dataset-1.1.1.tgz#0a91746284c517eba360a966939161f500392107"
  integrity sha512-BNwCSvG0cz0srsG5esq6CQKJc1m8g/M0DZpLuiEp0MMpfwguXX7VeS8TCg4UUG3DV/DqEvhy83ZKSEjdsYseeA==
  dependencies:
    "@rdfjs/data-model" "^1.2.0"

"@rdfjs/dataset@^2.0.1":
  version "2.0.1"
  resolved "https://registry.yarnpkg.com/@rdfjs/dataset/-/dataset-2.0.1.tgz#8d4c448291ebfd40d75ebe1d5d59a2b3f4843bac"
  integrity sha512-hDIaXpUmU/ZdofX/BMFDAchkhN/AjmP5dMCOuVL2VCqWuFjeQxd2KV84E4+7S2Biw8tjEFhPBeQZP7KW+ARV7Q==

"@rdfjs/formats-common@^2.2.0":
  version "2.2.0"
  resolved "https://registry.yarnpkg.com/@rdfjs/formats-common/-/formats-common-2.2.0.tgz#1a018ce098c95ee848c5c83e1dd5b7c95395fa34"
  integrity sha512-XuW5tfTqN9gfbI/P3Duvai++m1fhp3idb7lmZYyP6F4EvgC7L6U9MgeRkFvqx8Vxq813+R09NeHBT5vC4BU3Lw==
  dependencies:
    "@rdfjs/parser-jsonld" "^1.2.1"
    "@rdfjs/parser-n3" "^1.1.4"
    "@rdfjs/serializer-jsonld" "^1.2.3"
    "@rdfjs/serializer-ntriples" "^1.0.3"
    "@rdfjs/sink-map" "^1.0.0"
    rdfxml-streaming-parser "^1.4.0"

"@rdfjs/namespace@^1.0.0", "@rdfjs/namespace@^1.1.0":
  version "1.1.0"
  resolved "https://registry.yarnpkg.com/@rdfjs/namespace/-/namespace-1.1.0.tgz#869cb9a9f37c4ab4c0a03b603baeb0b95487609f"
  integrity sha512-utO5rtaOKxk8B90qzaQ0N+J5WrCI28DtfAY/zExCmXE7cOfC5uRI/oMKbLaVEPj2P7uArekt/T4IPATtj7Tjug==
  dependencies:
    "@rdfjs/data-model" "^1.1.0"

"@rdfjs/parser-jsonld@^1.2.1", "@rdfjs/parser-jsonld@^1.2.2":
  version "1.3.1"
  resolved "https://registry.yarnpkg.com/@rdfjs/parser-jsonld/-/parser-jsonld-1.3.1.tgz#0d6fe7e41a7350d358cc02e5c8ced7fedaa97193"
  integrity sha512-5eoG1YCq/uJvEBe0Hiw/TzPvRODLcUmWrGnOpzrvxkEvvmF8FUX8KYFfYtROEIjCuPywG2TBb0ID8F9/sqG0tg==
  dependencies:
    "@rdfjs/data-model" "^1.3.4"
    "@rdfjs/sink" "^1.0.3"
    jsonld-streaming-parser "^2.4.3"
    readable-stream "^3.6.0"

"@rdfjs/parser-n3@^1.1.4":
  version "1.1.4"
  resolved "https://registry.yarnpkg.com/@rdfjs/parser-n3/-/parser-n3-1.1.4.tgz#7f8844c8a2fc62e7d1e40d7daf99a1af025a451d"
  integrity sha512-PUKSNlfD2Zq3GcQZuOF2ndfrLbc+N96FUe2gNIzARlR2er0BcOHBHEFUJvVGg1Xmsg3hVKwfg0nwn1JZ7qKKMw==
  dependencies:
    "@rdfjs/data-model" "^1.0.1"
    "@rdfjs/sink" "^1.0.2"
    n3 "^1.3.5"
    readable-stream "^3.6.0"
    readable-to-readable "^0.1.0"

"@rdfjs/serializer-jsonld-ext@^3.0.0":
  version "3.0.0"
  resolved "https://registry.yarnpkg.com/@rdfjs/serializer-jsonld-ext/-/serializer-jsonld-ext-3.0.0.tgz#96e05494638ec9affdafd63dd8e4da90e7fa01e6"
  integrity sha512-XwxKz7sAVIlOixcYc6INzWNi46g2m0VSdW4CQw5C2RimYqjQOXnNlZ5HuF3LYCEtha9CybCDHodUBi8mU+xVpA==
  dependencies:
    "@rdfjs/sink" "^1.0.3"
    concat-stream "^2.0.0"
    jsonld "^5.2.0"
    readable-stream "^3.6.0"

"@rdfjs/serializer-jsonld@^1.2.3":
  version "1.2.3"
  resolved "https://registry.yarnpkg.com/@rdfjs/serializer-jsonld/-/serializer-jsonld-1.2.3.tgz#643908db1211667f0c516f05fb20ce04f7ca49a0"
  integrity sha512-Y6jGvXvtI4eIpHIizkY6WQnwUZNWcNfkwO4ZVTIGZpc7mHrlBMaXpcXc3f6XOBVeeb4k1dNy7Fqu2CL0B5+Uew==
  dependencies:
    "@rdfjs/namespace" "^1.1.0"
    "@rdfjs/sink" "^1.0.3"
    readable-stream "^3.6.0"

"@rdfjs/serializer-ntriples@^1.0.3":
  version "1.0.3"
  resolved "https://registry.yarnpkg.com/@rdfjs/serializer-ntriples/-/serializer-ntriples-1.0.3.tgz#2e48ef23591a3f982a7e658bdf70d34737496d0a"
  integrity sha512-XXFgzNJyYrix0YgysqYowKw40hCJ+zeVqA/CGgO3y5XyKY+NL/VJJELMn7cTwjJteiLVCgRNAvaUVn4CjJ2PCg==
  dependencies:
    "@rdfjs/sink" "^1.0.3"
    "@rdfjs/to-ntriples" "^1.0.2"
    readable-to-readable "^0.1.0"

"@rdfjs/sink-map@^1.0.0":
  version "1.0.1"
  resolved "https://registry.yarnpkg.com/@rdfjs/sink-map/-/sink-map-1.0.1.tgz#e26ea2a9bafd05e2c6420bb438bdcb3854052227"
  integrity sha512-PRp5TjULHe2oRcupR80SClZ/l50wnSuX2Pl+TlkcRazt1w7AT86kLmQYFbDfjqGM7uDwSyD6evLJxXBDf5UuvQ==

"@rdfjs/sink@^1.0.2", "@rdfjs/sink@^1.0.3":
  version "1.0.3"
  resolved "https://registry.yarnpkg.com/@rdfjs/sink/-/sink-1.0.3.tgz#cdbb4ecf0ff34e6ad6c301a5bc221508c820568c"
  integrity sha512-2KfYa8mAnptRNeogxhQqkWNXqfYVWO04jQThtXKepySrIwYmz83+WlevQtA4VDLFe+kFd2TwgL29ekPe5XVUfA==

"@rdfjs/term-map@^1.0.0":
  version "1.1.0"
  resolved "https://registry.yarnpkg.com/@rdfjs/term-map/-/term-map-1.1.0.tgz#253b863ca3f8c0f8c3b05ec5df301c6a0a05ba58"
  integrity sha512-utCLVQEZdEL664XoYuBQwMIk0Q5MD6qNPEt12DcmuAlQUS0b0kQ+WL50wyJP1BpWYjOJLokIVTUtphZWnj25BQ==
  dependencies:
    "@rdfjs/to-ntriples" "^2.0.0"

"@rdfjs/term-set@^1.1.0":
  version "1.1.0"
  resolved "https://registry.yarnpkg.com/@rdfjs/term-set/-/term-set-1.1.0.tgz#36adb73683262e94f135f0bb0cdf71d983e70960"
  integrity sha512-QQ4yzVe1Rvae/GN9SnOhweHNpaxQtnAjeOVciP/yJ0Gfxtbphy2tM56ZsRLV04Qq5qMcSclZIe6irYyEzx/UwQ==
  dependencies:
    "@rdfjs/to-ntriples" "^2.0.0"

"@rdfjs/to-ntriples@^1.0.1", "@rdfjs/to-ntriples@^1.0.2":
  version "1.0.2"
  resolved "https://registry.yarnpkg.com/@rdfjs/to-ntriples/-/to-ntriples-1.0.2.tgz#c2fe8f6e8d8010c2315c0a816d1cd42a4447965e"
  integrity sha512-ngw5XAaGHjgGiwWWBPGlfdCclHftonmbje5lMys4G2j4NvfExraPIuRZgjSnd5lg4dnulRVUll8tRbgKO+7EDA==

"@rdfjs/to-ntriples@^2.0.0":
  version "2.0.0"
  resolved "https://registry.yarnpkg.com/@rdfjs/to-ntriples/-/to-ntriples-2.0.0.tgz#ad70822e2ddf068fd1291b505e5c678c17af7a30"
  integrity sha512-nDhpfhx6W6HKsy4HjyLp3H1nbrX1CiUCWhWQwKcYZX1s9GOjcoQTwY7GUUbVec0hzdJDQBR6gnjxtENBDt482Q==

"@rdfjs/types@*", "@rdfjs/types@>=1.0.1":
  version "1.1.0"
  resolved "https://registry.yarnpkg.com/@rdfjs/types/-/types-1.1.0.tgz#098f180b7cccb03bb416c7b4d03baaa9d480e36b"
  integrity sha512-5zm8bN2/CC634dTcn/0AhTRLaQRjXDZs3QfcAsQKNturHT7XVWcKy/8p3P5gXl+YkZTAmy7T5M/LyiT/jbkENw==
  dependencies:
    "@types/node" "*"

"@tpluscode/rdf-ns-builders@^2":
  version "2.0.1"
  resolved "https://registry.yarnpkg.com/@tpluscode/rdf-ns-builders/-/rdf-ns-builders-2.0.1.tgz#1074666a538f6ea2946bf67dac12da191fd2d928"
  integrity sha512-P/pwfjhcj/JOZF3epheHiDd/f9tSkceydQBqBuqThpNX2NIg+4BSgwtG2YfKBa24mmGFfyzN6RVeFclhA8wZBw==
  dependencies:
    "@rdf-esm/data-model" "^0.5.4"
    "@rdf-esm/namespace" "^0.5.1"
    "@rdfjs/types" "*"
    commander "^7.2.0"
    fs-extra "^10.0.0"

"@tpluscode/shacl-cli@0.0.3":
  version "0.0.3"
  resolved "https://registry.yarnpkg.com/@tpluscode/shacl-cli/-/shacl-cli-0.0.3.tgz#c9e201af36a61782eab8d6916fc2555a227d7347"
  integrity sha512-Ffrx2+XR1jwml84OdQHrBQ5fE9g6w5OtdZWid/DdF/HcWVG+/vmw0MWixuiB2tO1TnRNQL3fMWHWW20tOne9Tw==
  dependencies:
    "@rdfjs-elements/formats-pretty" "^0.5.1"
    "@rdfjs/dataset" "^2.0.1"
    "@zazuko/rdf-vocabularies" "*"
    commander "^9.4.1"
    glob "^8.0.3"
    rdf-dataset-ext "^1.0.1"
    rdf-utils-fs "^2.2.0"
    rdf-validate-shacl "^0.4.4"

"@types/http-link-header@^1.0.1":
  version "1.0.3"
  resolved "https://registry.yarnpkg.com/@types/http-link-header/-/http-link-header-1.0.3.tgz#899adf1d8d2036074514f3dbd148fb901ceff920"
  integrity sha512-y8HkoD/vyid+5MrJ3aas0FvU3/BVBGcyG9kgxL0Zn4JwstA8CglFPnrR0RuzOjRCXwqzL5uxWC2IO7Ub0rMU2A==
  dependencies:
    "@types/node" "*"

"@types/node@*", "@types/node@^18.0.0":
  version "18.7.23"
  resolved "https://registry.yarnpkg.com/@types/node/-/node-18.7.23.tgz#75c580983846181ebe5f4abc40fe9dfb2d65665f"
  integrity sha512-DWNcCHolDq0ZKGizjx2DZjR/PqsYwAcYUJmfMWqtVU2MBMG5Mo+xFZrhGId5r/O5HOuMPyQEcM6KUBp5lBZZBg==

"@types/rdfjs__namespace@*":
  version "2.0.0"
  resolved "https://registry.yarnpkg.com/@types/rdfjs__namespace/-/rdfjs__namespace-2.0.0.tgz#8830386855f07fee87d6316f0f7af9365725160a"
  integrity sha512-bpVmmBrwg4plwfSNtwbwIYtZEpGFPWHTlfa1iftSY03+V+2wq+pfZxYkZwrhZwyh/Dxy5usIrVt04Rvigc4uXg==
  dependencies:
    rdf-js "^4.0.2"

"@zazuko/rdf-vocabularies@*":
  version "2022.6.29"
  resolved "https://registry.yarnpkg.com/@zazuko/rdf-vocabularies/-/rdf-vocabularies-2022.6.29.tgz#f81be16f5df6545c87ba0480be30a1ef65f4217c"
  integrity sha512-E1IyTK3WfeeB0LAPxtDapcBPB+uizhYFGBgjK0z9xMnGIeWWtWb59jpGxLTfVjHMbGbxeTm/HPAKLwtB1gX1xQ==
  dependencies:
    "@rdfjs/parser-n3" "^1.1.4"
    commander "^5.0.0"
    pkg-dir "^5.0.0"
    rdf-ext "^1.3.1"
    readable-stream "^3.6.0"
    string-to-stream "^3.0.1"

abort-controller@^3.0.0:
  version "3.0.0"
  resolved "https://registry.yarnpkg.com/abort-controller/-/abort-controller-3.0.0.tgz#eaf54d53b62bae4138e809ca225c8439a6efb392"
  integrity sha512-h8lQ8tacZYnR3vNQTgibj+tODHI5/+l06Au2Pcriv/Gmet0eaj4TwWH41sO9wnHDiQsEj19q0drzdWdeAHtweg==
  dependencies:
    event-target-shim "^5.0.0"

balanced-match@^1.0.0:
  version "1.0.2"
  resolved "https://registry.yarnpkg.com/balanced-match/-/balanced-match-1.0.2.tgz#e83e3a7e3f300b34cb9d87f615fa0cbf357690ee"
  integrity sha512-3oSeUO0TMV67hN1AmbXsK4yaqU7tjiHlbxRDZOpH0KW9+CeX4bRAaX0Anxt0tx2MrpRpWwQaPwIlISEJhYU5Pw==

big-integer@^1.6.48:
  version "1.6.51"
  resolved "https://registry.yarnpkg.com/big-integer/-/big-integer-1.6.51.tgz#0df92a5d9880560d3ff2d5fd20245c889d130686"
  integrity sha512-GPEid2Y9QU1Exl1rpO9B2IPJGHPSupF5GnVIP0blYvNOMer2bTvSWs1jGOUg04hTmu67nmLsQ9TBo1puaotBHg==

brace-expansion@^2.0.1:
  version "2.0.1"
  resolved "https://registry.yarnpkg.com/brace-expansion/-/brace-expansion-2.0.1.tgz#1edc459e0f0c548486ecf9fc99f2221364b9a0ae"
  integrity sha512-XnAIvQ8eM+kC6aULx6wuQiwVsnzsi9d3WxzV3FpWTGA19F621kwdbsAcFKXgKUHZWsy+mY6iL1sHTxWEFCytDA==
  dependencies:
    balanced-match "^1.0.0"

buffer-from@^1.0.0:
  version "1.1.2"
  resolved "https://registry.yarnpkg.com/buffer-from/-/buffer-from-1.1.2.tgz#2b146a6fd72e80b4f55d255f35ed59a3a9a41bd5"
  integrity sha512-E+XQCRwSbaaiChtv6k6Dwgc+bx+Bs6vuKJHHl5kox/BaKbhiXzqQOwK4cO22yElGp2OCmjwVhT3HmxgyPGnJfQ==

canonicalize@^1.0.1:
  version "1.0.8"
  resolved "https://registry.yarnpkg.com/canonicalize/-/canonicalize-1.0.8.tgz#24d1f1a00ed202faafd9bf8e63352cd4450c6df1"
  integrity sha512-0CNTVCLZggSh7bc5VkX5WWPWO+cyZbNd07IHIsSXLia/eAq+r836hgk+8BKoEh7949Mda87VUOitx5OddVj64A==

clownface@^1.4.0:
  version "1.5.1"
  resolved "https://registry.yarnpkg.com/clownface/-/clownface-1.5.1.tgz#5471f462aa8a5945ad878305b832361214424759"
  integrity sha512-Ko8N/UFsnhEGmPlyE1bUFhbRhVgDbxqlIjcqxtLysc4dWaY0A7iCdg3savhAxs7Lheb7FCygIyRh7ADYZWVIng==
  dependencies:
    "@rdfjs/data-model" "^1.1.0"
    "@rdfjs/namespace" "^1.0.0"

commander@^5.0.0:
  version "5.1.0"
  resolved "https://registry.yarnpkg.com/commander/-/commander-5.1.0.tgz#46abbd1652f8e059bddaef99bbdcb2ad9cf179ae"
  integrity sha512-P0CysNDQ7rtVw4QIQtm+MRxV66vKFSvlsQvGYXZWR3qFU0jlMKHZZZgw8e+8DSah4UDKMqnknRDQz+xuQXQ/Zg==

commander@^7.2.0:
  version "7.2.0"
  resolved "https://registry.yarnpkg.com/commander/-/commander-7.2.0.tgz#a36cb57d0b501ce108e4d20559a150a391d97ab7"
  integrity sha512-QrWXB+ZQSVPmIWIhtEO9H+gwHaMGYiF5ChvoJ+K9ZGHG/sVsa6yiesAD1GC/x46sET00Xlwo1u49RVVVzvcSkw==

commander@^9.4.1:
  version "9.4.1"
  resolved "https://registry.yarnpkg.com/commander/-/commander-9.4.1.tgz#d1dd8f2ce6faf93147295c0df13c7c21141cfbdd"
  integrity sha512-5EEkTNyHNGFPD2H+c/dXXfQZYa/scCKasxWcXJaWnNJ99pnQN9Vnmqow+p+PlFPE63Q6mThaZws1T+HxfpgtPw==

concat-stream@^2.0.0:
  version "2.0.0"
  resolved "https://registry.yarnpkg.com/concat-stream/-/concat-stream-2.0.0.tgz#414cf5af790a48c60ab9be4527d56d5e41133cb1"
  integrity sha512-MWufYdFw53ccGjCA+Ol7XJYpAlW6/prSMzuPOTRnJGcGzuhLn4Scrz7qf6o8bROZ514ltazcIFJZevcfbo0x7A==
  dependencies:
    buffer-from "^1.0.0"
    inherits "^2.0.3"
    readable-stream "^3.0.2"
    typedarray "^0.0.6"

cross-fetch@^3.0.6:
  version "3.1.5"
  resolved "https://registry.yarnpkg.com/cross-fetch/-/cross-fetch-3.1.5.tgz#e1389f44d9e7ba767907f7af8454787952ab534f"
  integrity sha512-lvb1SBsI0Z7GDwmuid+mU3kWVBwTVUbe7S0H52yaaAdQOXq2YktTCZdlAcNKFzE6QtRz0snpw9bNiPeOIkkQvw==
  dependencies:
    node-fetch "2.6.7"

cross-spawn@^7.0.1:
  version "7.0.3"
  resolved "https://registry.yarnpkg.com/cross-spawn/-/cross-spawn-7.0.3.tgz#f73a85b9d5d41d045551c177e2882d4ac85728a6"
  integrity sha512-iRDPJKUPVEND7dHPO8rkbOnPpyDygcDFtWjpeWNCgy8WP2rXcxXL8TskReQl6OrB2G7+UJrags1q15Fudc7G6w==
  dependencies:
    path-key "^3.1.0"
    shebang-command "^2.0.0"
    which "^2.0.1"

data-uri-to-buffer@^3.0.1:
  version "3.0.1"
  resolved "https://registry.yarnpkg.com/data-uri-to-buffer/-/data-uri-to-buffer-3.0.1.tgz#594b8973938c5bc2c33046535785341abc4f3636"
  integrity sha512-WboRycPNsVw3B3TL559F7kuBUM4d8CgMEvk6xEJlOp7OBPjt6G7z8WMWlD2rOFZLk6OYfFIUGsCOWzcQH9K2og==

debug@^4.3.2:
  version "4.3.4"
  resolved "https://registry.yarnpkg.com/debug/-/debug-4.3.4.tgz#1319f6579357f2338d3337d2cdd4914bb5dcc865"
  integrity sha512-PRWFHuSU3eDtQJPvnNY7Jcket1j0t5OuOsFzPPzsekD52Zl8qUfFIPEiswXqIvHWGVHOgX+7G/vCNNhehwxfkQ==
  dependencies:
    ms "2.1.2"

dotenv-cli@^3.2.0:
  version "3.2.0"
  resolved "https://registry.yarnpkg.com/dotenv-cli/-/dotenv-cli-3.2.0.tgz#002367c30992acb0b218b20fc01a8e18f13f85cf"
  integrity sha512-zg/dfXISo7ntL3JKC+oj7eXEMg8LbOsARWTeypfVsmYtazDYOptmKLqA9u3LTee9x/sIPiLqmI6wskRP+89ohQ==
  dependencies:
    cross-spawn "^7.0.1"
    dotenv "^8.1.0"
    dotenv-expand "^5.1.0"
    minimist "^1.1.3"

dotenv-expand@^5.1.0:
  version "5.1.0"
  resolved "https://registry.yarnpkg.com/dotenv-expand/-/dotenv-expand-5.1.0.tgz#3fbaf020bfd794884072ea26b1e9791d45a629f0"
  integrity sha512-YXQl1DSa4/PQyRfgrv6aoNjhasp/p4qs9FjJ4q4cQk+8m4r6k4ZSiEyytKG8f8W9gi8WsQtIObNmKd+tMzNTmA==

dotenv@^8.1.0:
  version "8.6.0"
  resolved "https://registry.yarnpkg.com/dotenv/-/dotenv-8.6.0.tgz#061af664d19f7f4d8fc6e4ff9b584ce237adcb8b"
  integrity sha512-IrPdXQsk2BbzvCBGBOTmmSH5SodmqZNt4ERAZDmW4CT+tL8VtvinqywuANaFu4bOMWki16nqf0e4oC0QIaDr/g==

esm@^3.2.22:
  version "3.2.25"
  resolved "https://registry.yarnpkg.com/esm/-/esm-3.2.25.tgz#342c18c29d56157688ba5ce31f8431fbb795cc10"
  integrity sha512-U1suiZ2oDVWv4zPO56S0NcR5QriEahGtdN2OR6FiOG4WJvcjBVFB0qI4+eKoWFH483PKGuLuu6V8Z4T5g63UVA==

event-target-shim@^5.0.0:
  version "5.0.1"
  resolved "https://registry.yarnpkg.com/event-target-shim/-/event-target-shim-5.0.1.tgz#5d4d3ebdf9583d63a5333ce2deb7480ab2b05789"
  integrity sha512-i/2XbnSz/uxRCU6+NdVJgKWDTM427+MqYbkQzD321DuCQJUqOuJKIA0IM2+W2xtYHdKOmZ4dR6fExsd4SXL+WQ==

fetch-blob@^2.1.1:
  version "2.1.2"
  resolved "https://registry.yarnpkg.com/fetch-blob/-/fetch-blob-2.1.2.tgz#a7805db1361bd44c1ef62bb57fb5fe8ea173ef3c"
  integrity sha512-YKqtUDwqLyfyMnmbw8XD6Q8j9i/HggKtPEI+pZ1+8bvheBu78biSmNaXWusx1TauGqtUUGx/cBb1mKdq2rLYow==

find-up@^5.0.0:
  version "5.0.0"
  resolved "https://registry.yarnpkg.com/find-up/-/find-up-5.0.0.tgz#4c92819ecb7083561e4f4a240a86be5198f536fc"
  integrity sha512-78/PXT1wlLLDgTzDs7sjq9hzz0vXD+zn+7wypEe4fXQxCmdmqfGsEPQxmiCSQI3ajFV91bVSsvNtrJRiW6nGng==
  dependencies:
    locate-path "^6.0.0"
    path-exists "^4.0.0"

fs-extra@^10.0.0:
  version "10.1.0"
  resolved "https://registry.yarnpkg.com/fs-extra/-/fs-extra-10.1.0.tgz#02873cfbc4084dde127eaa5f9905eef2325d1abf"
  integrity sha512-oRXApq54ETRj4eMiFzGnHWGy+zo5raudjuxN0b8H7s/RU2oW0Wvsx9O0ACRN/kRq9E8Vu/ReskGB5o3ji+FzHQ==
  dependencies:
    graceful-fs "^4.2.0"
    jsonfile "^6.0.1"
    universalify "^2.0.0"

fs.realpath@^1.0.0:
  version "1.0.0"
  resolved "https://registry.yarnpkg.com/fs.realpath/-/fs.realpath-1.0.0.tgz#1504ad2523158caa40db4a2787cb01411994ea4f"
  integrity sha512-OO0pH2lK6a0hZnAdau5ItzHPI6pUlvI7jMVnxUQRtw4owF2wk8lOSabtGDCTP4Ggrg2MbGnWO9X8K1t4+fGMDw==

glob@^8.0.3:
  version "8.0.3"
  resolved "https://registry.yarnpkg.com/glob/-/glob-8.0.3.tgz#415c6eb2deed9e502c68fa44a272e6da6eeca42e"
  integrity sha512-ull455NHSHI/Y1FqGaaYFaLGkNMMJbavMrEGFXG/PGrg6y7sutWHUHrz6gy6WEBH6akM1M414dWKCNs+IhKdiQ==
  dependencies:
    fs.realpath "^1.0.0"
    inflight "^1.0.4"
    inherits "2"
    minimatch "^5.0.1"
    once "^1.3.0"

graceful-fs@^4.1.6, graceful-fs@^4.2.0:
  version "4.2.10"
  resolved "https://registry.yarnpkg.com/graceful-fs/-/graceful-fs-4.2.10.tgz#147d3a006da4ca3ce14728c7aefc287c367d7a6c"
  integrity sha512-9ByhssR2fPVsNZj478qUUbKfmL0+t5BDVyjShtyZZLiK7ZDAArFFfopyOTj0M05wE2tJPisA4iTnnXl2YoPvOA==

http-link-header@^1.0.2:
  version "1.0.5"
  resolved "https://registry.yarnpkg.com/http-link-header/-/http-link-header-1.0.5.tgz#8e6d9ed1d393e8d5e01aa5c48bd97aa38d7e261c"
  integrity sha512-msKrMbv/xHzhdOD4sstbEr+NbGqpv8ZtZliiCeByGENJo1jK1GZ/81zHF9HpWtEH5ihovPpdqHXniwZapJCKEA==

inflight@^1.0.4:
  version "1.0.6"
  resolved "https://registry.yarnpkg.com/inflight/-/inflight-1.0.6.tgz#49bd6331d7d02d0c09bc910a1075ba8165b56df9"
  integrity sha512-k92I/b08q4wvFscXCLvqfsHCrjrF7yiXsQuIVvVE7N82W3+aqpzuUdBbfhWcy/FZR3/4IgflMgKLOsvPDrGCJA==
  dependencies:
    once "^1.3.0"
    wrappy "1"

inherits@2, inherits@^2.0.3:
  version "2.0.4"
  resolved "https://registry.yarnpkg.com/inherits/-/inherits-2.0.4.tgz#0fa2c64f932917c3433a0ded55363aae37416b7c"
  integrity sha512-k/vGaX4/Yla3WzyMCvTQOXYeIHvqOKtnqBduzTHpzpQZzAskKMhZ2K+EnBiSM9zGSoIFeMpXKxa4dYeZIQqewQ==

isexe@^2.0.0:
  version "2.0.0"
  resolved "https://registry.yarnpkg.com/isexe/-/isexe-2.0.0.tgz#e8fbf374dc556ff8947a10dcb0572d633f2cfa10"
  integrity sha512-RHxMLp9lnKHGHRng9QFhRCMbYAcVpn69smSGcq3f36xjgVVWThj4qqLbTLlq7Ssj8B+fIQ1EuCEGI2lKsyQeIw==

jsonfile@^6.0.1:
  version "6.1.0"
  resolved "https://registry.yarnpkg.com/jsonfile/-/jsonfile-6.1.0.tgz#bc55b2634793c679ec6403094eb13698a6ec0aae"
  integrity sha512-5dgndWOriYSm5cnYaJNhalLNDKOqFwyDB/rr1E9ZsGciGvKPs8R2xYGCacuf3z6K1YKDz182fd+fY3cn3pMqXQ==
  dependencies:
    universalify "^2.0.0"
  optionalDependencies:
    graceful-fs "^4.1.6"

jsonld-context-parser@^2.1.3:
  version "2.2.1"
  resolved "https://registry.yarnpkg.com/jsonld-context-parser/-/jsonld-context-parser-2.2.1.tgz#f5aae267e806dd2868973b3ec324274a2c42e981"
  integrity sha512-MCmJ2Lf1cRtvJ1v7A9X88KkZ+vqC41quhpYSSO4NJFrhodjpJOUeJA3Vy9Gdr06zIDDo/V73SOmKkK44+HSJzA==
  dependencies:
    "@types/http-link-header" "^1.0.1"
    "@types/node" "^18.0.0"
    canonicalize "^1.0.1"
    cross-fetch "^3.0.6"
    http-link-header "^1.0.2"
    relative-to-absolute-iri "^1.0.5"

jsonld-streaming-parser@^2.4.3:
  version "2.4.3"
  resolved "https://registry.yarnpkg.com/jsonld-streaming-parser/-/jsonld-streaming-parser-2.4.3.tgz#d8faa1df6dc3b760fb9455602edc5f001d756ef0"
  integrity sha512-ysuevJ+l8+Y4W3J/yQW3pa9VCBNDHo2tZkKmPAnfhfsmFMyxuueAeXMmTbpJZdrpagzeeDVr3A8EZVuHliQJ9A==
  dependencies:
    "@rdfjs/types" "*"
    "@types/http-link-header" "^1.0.1"
    canonicalize "^1.0.1"
    http-link-header "^1.0.2"
    jsonld-context-parser "^2.1.3"
    jsonparse "^1.3.1"
    rdf-data-factory "^1.1.0"

jsonld@^5.2.0:
  version "5.2.0"
  resolved "https://registry.yarnpkg.com/jsonld/-/jsonld-5.2.0.tgz#d1e8af38a334cb95edf0f2ae4e2b58baf8d2b5a9"
  integrity sha512-JymgT6Xzk5CHEmHuEyvoTNviEPxv6ihLWSPu1gFdtjSAyM6cFqNrv02yS/SIur3BBIkCf0HjizRc24d8/FfQKw==
  dependencies:
    "@digitalbazaar/http-client" "^1.1.0"
    canonicalize "^1.0.1"
    lru-cache "^6.0.0"
    rdf-canonize "^3.0.0"

jsonparse@^1.3.1:
  version "1.3.1"
  resolved "https://registry.yarnpkg.com/jsonparse/-/jsonparse-1.3.1.tgz#3f4dae4a91fac315f71062f8521cc239f1366280"
  integrity sha512-POQXvpdL69+CluYsillJ7SUhKvytYjW9vG/GKpnf+xP8UWgYEM/RaMzHHofbALDiKbbP1W8UEYmgGl39WkPZsg==

ky-universal@^0.8.2:
  version "0.8.2"
  resolved "https://registry.yarnpkg.com/ky-universal/-/ky-universal-0.8.2.tgz#edc398d54cf495d7d6830aa1ab69559a3cc7f824"
  integrity sha512-xe0JaOH9QeYxdyGLnzUOVGK4Z6FGvDVzcXFTdrYA1f33MZdEa45sUDaMBy98xQMcsd2XIBrTXRrRYnegcSdgVQ==
  dependencies:
    abort-controller "^3.0.0"
    node-fetch "3.0.0-beta.9"

ky@^0.25.1:
  version "0.25.1"
  resolved "https://registry.yarnpkg.com/ky/-/ky-0.25.1.tgz#0df0bd872a9cc57e31acd5dbc1443547c881bfbc"
  integrity sha512-PjpCEWlIU7VpiMVrTwssahkYXX1by6NCT0fhTUX34F3DTinARlgMpriuroolugFPcMgpPWrOW4mTb984Qm1RXA==

locate-path@^6.0.0:
  version "6.0.0"
  resolved "https://registry.yarnpkg.com/locate-path/-/locate-path-6.0.0.tgz#55321eb309febbc59c4801d931a72452a681d286"
  integrity sha512-iPZK6eYjbxRu3uB4/WZ3EsEIMJFMqAoopl3R+zuq0UjcAm/MO6KCweDgPfP3elTztoKP3KtnVHxTn2NHBSDVUw==
  dependencies:
    p-locate "^5.0.0"

lru-cache@^6.0.0:
  version "6.0.0"
  resolved "https://registry.yarnpkg.com/lru-cache/-/lru-cache-6.0.0.tgz#6d6fe6570ebd96aaf90fcad1dafa3b2566db3a94"
  integrity sha512-Jo6dJ04CmSjuznwJSS3pUeWmd/H0ffTlkXXgwZi+eq1UCmqQwCh+eLsYOYCwY991i2Fah4h1BEMCx4qThGbsiA==
  dependencies:
    yallist "^4.0.0"

minimatch@^5.0.1:
  version "5.1.0"
  resolved "https://registry.yarnpkg.com/minimatch/-/minimatch-5.1.0.tgz#1717b464f4971b144f6aabe8f2d0b8e4511e09c7"
  integrity sha512-9TPBGGak4nHfGZsPBohm9AWg6NoT7QTCehS3BIJABslyZbzxfV78QM2Y6+i741OPZIafFAaiiEMh5OyIrJPgtg==
  dependencies:
    brace-expansion "^2.0.1"

minimist@^1.1.3:
  version "1.2.6"
  resolved "https://registry.yarnpkg.com/minimist/-/minimist-1.2.6.tgz#8637a5b759ea0d6e98702cfb3a9283323c93af44"
  integrity sha512-Jsjnk4bw3YJqYzbdyBiNsPWHPfO++UGG749Cxs6peCu5Xg4nrena6OVxOYxrQTqww0Jmwt+Ref8rggumkTLz9Q==

ms@2.1.2:
  version "2.1.2"
  resolved "https://registry.yarnpkg.com/ms/-/ms-2.1.2.tgz#d09d1f357b443f493382a8eb3ccd183872ae6009"
  integrity sha512-sGkPx+VjMtmA6MX27oA4FBFELFCZZ4S4XqeGOXCv68tT+jb3vk/RyaKWP0PTKyWtmLSM0b+adUTEvbs1PEaH2w==

n3@^1.3.5:
  version "1.16.2"
  resolved "https://registry.yarnpkg.com/n3/-/n3-1.16.2.tgz#ef86b4bf48b556505da1cc3062a3c2ef35f02976"
  integrity sha512-5vYa2HuNEJ+a26FEs4FGgfFLgaPOODaZpJlc7FS0eUjDumc4uK0cvx216PjKXBkLzmAsSqGgQPwqztcLLvwDsw==
  dependencies:
    queue-microtask "^1.1.2"
    readable-stream "^3.6.0"

node-fetch@2.6.7:
  version "2.6.7"
  resolved "https://registry.yarnpkg.com/node-fetch/-/node-fetch-2.6.7.tgz#24de9fba827e3b4ae44dc8b20256a379160052ad"
  integrity sha512-ZjMPFEfVx5j+y2yF35Kzx5sF7kDzxuDj6ziH4FFbOp87zKDZNx8yExJIb05OGF4Nlt9IHFIMBkRl41VdvcNdbQ==
  dependencies:
    whatwg-url "^5.0.0"

node-fetch@3.0.0-beta.9:
  version "3.0.0-beta.9"
  resolved "https://registry.yarnpkg.com/node-fetch/-/node-fetch-3.0.0-beta.9.tgz#0a7554cfb824380dd6812864389923c783c80d9b"
  integrity sha512-RdbZCEynH2tH46+tj0ua9caUHVWrd/RHnRfvly2EVdqGmI3ndS1Vn/xjm5KuGejDt2RNDQsVRLPNd2QPwcewVg==
  dependencies:
    data-uri-to-buffer "^3.0.1"
    fetch-blob "^2.1.1"

once@^1.3.0:
  version "1.4.0"
  resolved "https://registry.yarnpkg.com/once/-/once-1.4.0.tgz#583b1aa775961d4b113ac17d9c50baef9dd76bd1"
  integrity sha512-lNaJgI+2Q5URQBkccEKHTQOPaXdUxnZZElQTZY0MFUAuaEqe1E+Nyvgdz/aIyNi6Z9MzO5dv1H8n58/GELp3+w==
  dependencies:
    wrappy "1"

p-limit@^3.0.2:
  version "3.1.0"
  resolved "https://registry.yarnpkg.com/p-limit/-/p-limit-3.1.0.tgz#e1daccbe78d0d1388ca18c64fea38e3e57e3706b"
  integrity sha512-TYOanM3wGwNGsZN2cVTYPArw454xnXj5qmWF1bEoAc4+cU/ol7GVh7odevjp1FNHduHc3KZMcFduxU5Xc6uJRQ==
  dependencies:
    yocto-queue "^0.1.0"

p-locate@^5.0.0:
  version "5.0.0"
  resolved "https://registry.yarnpkg.com/p-locate/-/p-locate-5.0.0.tgz#83c8315c6785005e3bd021839411c9e110e6d834"
  integrity sha512-LaNjtRWUBY++zB5nE/NwcaoMylSPk+S+ZHNB1TzdbMJMny6dynpAGt7X/tl/QYq3TIeE6nxHppbo2LGymrG5Pw==
  dependencies:
    p-limit "^3.0.2"

path-exists@^4.0.0:
  version "4.0.0"
  resolved "https://registry.yarnpkg.com/path-exists/-/path-exists-4.0.0.tgz#513bdbe2d3b95d7762e8c1137efa195c6c61b5b3"
  integrity sha512-ak9Qy5Q7jYb2Wwcey5Fpvg2KoAc/ZIhLSLOSBmRmygPsGwkVVt0fZa0qrtMz+m6tJTAHfZQ8FnmB4MG4LWy7/w==

path-key@^3.1.0:
  version "3.1.1"
  resolved "https://registry.yarnpkg.com/path-key/-/path-key-3.1.1.tgz#581f6ade658cbba65a0d3380de7753295054f375"
  integrity sha512-ojmeN0qd+y0jszEtoY48r0Peq5dwMEkIlCOu6Q5f41lfkswXuKtYrhgoTpLnyIcHm24Uhqx+5Tqm2InSwLhE6Q==

pkg-dir@^5.0.0:
  version "5.0.0"
  resolved "https://registry.yarnpkg.com/pkg-dir/-/pkg-dir-5.0.0.tgz#a02d6aebe6ba133a928f74aec20bafdfe6b8e760"
  integrity sha512-NPE8TDbzl/3YQYY7CSS228s3g2ollTFnc+Qi3tqmqJp9Vg2ovUpixcJEo2HJScN2Ez+kEaal6y70c0ehqJBJeA==
  dependencies:
    find-up "^5.0.0"

punycode@^2.1.0:
  version "2.1.1"
  resolved "https://registry.yarnpkg.com/punycode/-/punycode-2.1.1.tgz#b58b010ac40c22c5657616c8d2c2c02c7bf479ec"
  integrity sha512-XRsRjdf+j5ml+y/6GKHPZbrF/8p2Yga0JPtdqTIY2Xe5ohJPD9saDJJLPvp9+NSBprVvevdXZybnj2cv8OEd0A==

queue-microtask@^1.1.2:
  version "1.2.3"
  resolved "https://registry.yarnpkg.com/queue-microtask/-/queue-microtask-1.2.3.tgz#4929228bbc724dfac43e0efb058caf7b6cfb6243"
  integrity sha512-NuaNSa6flKT5JaSYQzJok04JzTL1CA6aGhv5rfLW3PgqA+M2ChpZQnAC8h8i4ZFkBS8X5RqkDBHA7r4hej3K9A==

rdf-canonize@^3.0.0:
  version "3.3.0"
  resolved "https://registry.yarnpkg.com/rdf-canonize/-/rdf-canonize-3.3.0.tgz#366ef1be17e7a396570bdb75be46446b514a0b04"
  integrity sha512-gfSNkMua/VWC1eYbSkVaL/9LQhFeOh0QULwv7Or0f+po8pMgQ1blYQFe1r9Mv2GJZXw88Cz/drnAnB9UlNnHfQ==
  dependencies:
    setimmediate "^1.0.5"

rdf-data-factory@^1.1.0:
  version "1.1.1"
  resolved "https://registry.yarnpkg.com/rdf-data-factory/-/rdf-data-factory-1.1.1.tgz#370142794e2299846896e9c0fafd35e5128c8e5f"
  integrity sha512-0HoLx7lbBlNd2YTmNKin0txgiYmAV56eVU823at8cG2+iD0Ia5kcRNDpzZy6I/HCtFTymHvTfdhHTzm3ak3Jpw==
  dependencies:
    "@rdfjs/types" "*"

rdf-dataset-ext@^1.0.1:
  version "1.0.1"
  resolved "https://registry.yarnpkg.com/rdf-dataset-ext/-/rdf-dataset-ext-1.0.1.tgz#9df48566e57748f321e19c9ec713811badbd7ca5"
  integrity sha512-I08/j+w0zqNRmFXbFhqxexmKsdS9nGDno/cG/OaF5sLxkDNrhyP82OxWx35ZPrjd4FG8T+TsGaxZFZkVIS85eA==
  dependencies:
    rdf-canonize "^3.0.0"
    readable-stream "^3.4.0"

rdf-ext@^1.3.1:
  version "1.3.5"
  resolved "https://registry.yarnpkg.com/rdf-ext/-/rdf-ext-1.3.5.tgz#89706abec64657d744b478d3a33d40fe5a6aa249"
  integrity sha512-LS/waItwp5aGY9Ay7y147HxWLIaSvw4r172S995aGwVkvg0KwUA0NY8w61p/LoFdQ4V6mzxQdVoRN6x/6OaK0w==
  dependencies:
    "@rdfjs/data-model" "^1.3.3"
    "@rdfjs/dataset" "^1.1.1"
    "@rdfjs/to-ntriples" "^1.0.1"
    rdf-normalize "^1.0.0"
    readable-stream "^3.6.0"

rdf-js@^4.0.2:
  version "4.0.2"
  resolved "https://registry.yarnpkg.com/rdf-js/-/rdf-js-4.0.2.tgz#f01510528bbfc6e004012b71a8a533896c4c4c10"
  integrity sha512-ApvlFa/WsQh8LpPK/6hctQwG06Z9ztQQGWVtrcrf9L6+sejHNXLPOqL+w7q3hF+iL0C4sv3AX1PUtGkLNzyZ0Q==
  dependencies:
    "@rdfjs/types" "*"

rdf-literal@^1.3.0:
  version "1.3.0"
  resolved "https://registry.yarnpkg.com/rdf-literal/-/rdf-literal-1.3.0.tgz#7524f09e51ae25ca03b1d600260a0f6834fe0baf"
  integrity sha512-5u5L4kPYNZANie5AE4gCXqwpNO/p9E/nUcDurk05XAOJT/pt9rQlDk6+BX7j3dNSee3h9GS4xlLoWxQDj7sXtg==
  dependencies:
    "@rdfjs/types" "*"
    rdf-data-factory "^1.1.0"

rdf-normalize@^1.0.0:
  version "1.0.0"
  resolved "https://registry.yarnpkg.com/rdf-normalize/-/rdf-normalize-1.0.0.tgz#53496baf362cce9d9fca1f2216c6c30007f99cca"
  integrity sha512-1ocjoxovKc4+AyS4Tgtroay5R33yrtM2kQnAGvVaB0iGSRggukHxMJW0y8xTR7TwKZabS+7oMSQNMdbu/qTtCQ==

rdf-utils-fs@^2.2.0:
  version "2.2.0"
  resolved "https://registry.yarnpkg.com/rdf-utils-fs/-/rdf-utils-fs-2.2.0.tgz#792aba0c32b541ab74cb2169751d381130328b06"
  integrity sha512-MByPTdMlQy0KkhFikdei6lBq94YM+Hd7q8YXzFeTlVSz0ldLfUGvycrnKXt1hYmlUeEcZq+e6M5lW85CDHiOtw==
  dependencies:
    "@rdfjs/formats-common" "^2.2.0"
    readable-stream "^3.6.0"

rdf-validate-datatype@^0.1.4:
  version "0.1.4"
  resolved "https://registry.yarnpkg.com/rdf-validate-datatype/-/rdf-validate-datatype-0.1.4.tgz#bef7267a84d56344b75b91135254285842674b0d"
  integrity sha512-NA2Nv2mf3nGDr9eaefHfSkaTEDh68PPPbylgvXXeAxoU5uKCP1siJjIRzeVD2+IfUfNqTCUrO6F/6Os0YVLFiw==
  dependencies:
    "@rdfjs/namespace" "^1.1.0"
    "@rdfjs/to-ntriples" "^1.0.2"

rdf-validate-shacl@^0.4.4:
  version "0.4.4"
  resolved "https://registry.yarnpkg.com/rdf-validate-shacl/-/rdf-validate-shacl-0.4.4.tgz#6f3d8b0bb30539a0f7575dc4f98a8bb7ea44c520"
  integrity sha512-LuayoHFEN0VYv2YASBaHW2cAQVkFZS9FHZYY1QZPq0NmNQPff6v0vLWqnX32T2zPpz0CXu5I/iRrfsnO9nSL5A==
  dependencies:
    "@rdfjs/dataset" "^1.1.1"
    "@rdfjs/namespace" "^1.0.0"
    "@rdfjs/term-set" "^1.1.0"
    clownface "^1.4.0"
    debug "^4.3.2"
    rdf-literal "^1.3.0"
    rdf-validate-datatype "^0.1.4"

rdfxml-streaming-parser@^1.4.0, rdfxml-streaming-parser@^1.5.0:
  version "1.5.0"
  resolved "https://registry.yarnpkg.com/rdfxml-streaming-parser/-/rdfxml-streaming-parser-1.5.0.tgz#485af3a01abc2dc49149b8758da9a12351d34348"
  integrity sha512-pnt+7NgeqCMd2/rub+dqxzYJhZwJjBNU2BRwyYdCTmRZu2fr795jCPJB6Io5pjPzAt29ASqy+ODBSRMDKoKGbQ==
  dependencies:
    "@rdfjs/types" "*"
    rdf-data-factory "^1.1.0"
    relative-to-absolute-iri "^1.0.0"
    sax "^1.2.4"

readable-stream@^3.0.2, readable-stream@^3.4.0, readable-stream@^3.6.0:
  version "3.6.0"
  resolved "https://registry.yarnpkg.com/readable-stream/-/readable-stream-3.6.0.tgz#337bbda3adc0706bd3e024426a286d4b4b2c9198"
  integrity sha512-BViHy7LKeTz4oNnkcLJ+lVSL6vpiFeX6/d3oSH8zCW7UxP2onchk+vTGB143xuFjHS3deTgkKoXXymXqymiIdA==
  dependencies:
    inherits "^2.0.3"
    string_decoder "^1.1.1"
    util-deprecate "^1.0.1"

readable-to-readable@^0.1.0:
  version "0.1.3"
  resolved "https://registry.yarnpkg.com/readable-to-readable/-/readable-to-readable-0.1.3.tgz#a799d497d5af12252d1999fc9bcb37302f704a1f"
  integrity sha512-G+0kz01xJM/uTuItKcqC73cifW8S6CZ7tp77NLN87lE5mrSU+GC8geoSAlfmp0NocmXckQ7W8s8ns73HYsIA3w==
  dependencies:
    readable-stream "^3.6.0"

relative-to-absolute-iri@^1.0.0, relative-to-absolute-iri@^1.0.5:
  version "1.0.6"
  resolved "https://registry.yarnpkg.com/relative-to-absolute-iri/-/relative-to-absolute-iri-1.0.6.tgz#7111dac5730587e3fbca3e0f48585fbc88c147a7"
  integrity sha512-Xw5/Zx6iWSCMJUXwXVOjySjH8Xli4hVFL9QQFvkl1qEmFBG94J+QUI9emnoctOCD3285f1jNV+QWV9eDYwIdfQ==

safe-buffer@~5.2.0:
  version "5.2.1"
  resolved "https://registry.yarnpkg.com/safe-buffer/-/safe-buffer-5.2.1.tgz#1eaf9fa9bdb1fdd4ec75f58f9cdb4e6b7827eec6"
  integrity sha512-rp3So07KcdmmKbGvgaNxQSJr7bGVSVk5S9Eq1F+ppbRo70+YeaDxkw5Dd8NPN+GD6bjnYm2VuPuCXmpuYvmCXQ==

sax@^1.2.4:
  version "1.2.4"
  resolved "https://registry.yarnpkg.com/sax/-/sax-1.2.4.tgz#2816234e2378bddc4e5354fab5caa895df7100d9"
  integrity sha512-NqVDv9TpANUjFm0N8uM5GxL36UgKi9/atZw+x7YFnQ8ckwFGKrl4xX4yWtrey3UJm5nP1kUbnYgLopqWNSRhWw==

setimmediate@^1.0.5:
  version "1.0.5"
  resolved "https://registry.yarnpkg.com/setimmediate/-/setimmediate-1.0.5.tgz#290cbb232e306942d7d7ea9b83732ab7856f8285"
  integrity sha512-MATJdZp8sLqDl/68LfQmbP8zKPLQNV6BIZoIgrscFDQ+RsvK/BxeDQOgyxKKoh0y/8h3BqVFnCqQ/gd+reiIXA==

shebang-command@^2.0.0:
  version "2.0.0"
  resolved "https://registry.yarnpkg.com/shebang-command/-/shebang-command-2.0.0.tgz#ccd0af4f8835fbdc265b82461aaf0c36663f34ea"
  integrity sha512-kHxr2zZpYtdmrN1qDjrrX/Z1rR1kG8Dx+gkpK1G4eXmvXswmcE1hTWBWYUzlraYw1/yZp6YuDY77YtvbN0dmDA==
  dependencies:
    shebang-regex "^3.0.0"

shebang-regex@^3.0.0:
  version "3.0.0"
  resolved "https://registry.yarnpkg.com/shebang-regex/-/shebang-regex-3.0.0.tgz#ae16f1644d873ecad843b0307b143362d4c42172"
  integrity sha512-7++dFhtcx3353uBaq8DDR4NuxBetBzC7ZQOhmTQInHEd6bSrXdiEyzCvG07Z44UYdLShWUyXt5M/yhz8ekcb1A==

string-to-stream@^3.0.1:
  version "3.0.1"
  resolved "https://registry.yarnpkg.com/string-to-stream/-/string-to-stream-3.0.1.tgz#480e6fb4d5476d31cb2221f75307a5dcb6638a42"
  integrity sha512-Hl092MV3USJuUCC6mfl9sPzGloA3K5VwdIeJjYIkXY/8K+mUvaeEabWJgArp+xXrsWxCajeT2pc4axbVhIZJyg==
  dependencies:
    readable-stream "^3.4.0"

string_decoder@^1.1.1:
  version "1.3.0"
  resolved "https://registry.yarnpkg.com/string_decoder/-/string_decoder-1.3.0.tgz#42f114594a46cf1a8e30b0a84f56c78c3edac21e"
  integrity sha512-hkRX8U1WjJFd8LsDJ2yQ/wWWxaopEsABU1XfkM8A+j0+85JAGppt16cr1Whg6KIbb4okU6Mql6BOj+uup/wKeA==
  dependencies:
    safe-buffer "~5.2.0"

tr46@~0.0.3:
  version "0.0.3"
  resolved "https://registry.yarnpkg.com/tr46/-/tr46-0.0.3.tgz#8184fd347dac9cdc185992f3a6622e14b9d9ab6a"
  integrity sha512-N3WMsuqV66lT30CrXNbEjx4GEwlow3v6rr4mCcv6prnfwhS01rkgyFdjPNBYd9br7LpXV1+Emh01fHnq2Gdgrw==

typedarray@^0.0.6:
  version "0.0.6"
  resolved "https://registry.yarnpkg.com/typedarray/-/typedarray-0.0.6.tgz#867ac74e3864187b1d3d47d996a78ec5c8830777"
  integrity sha512-/aCDEGatGvZ2BIk+HmLf4ifCJFwvKFNb9/JeZPMulfgFracn9QFcAf5GO8B/mweUjSoblS5In0cWhqpfs/5PQA==

universalify@^2.0.0:
  version "2.0.0"
  resolved "https://registry.yarnpkg.com/universalify/-/universalify-2.0.0.tgz#75a4984efedc4b08975c5aeb73f530d02df25717"
  integrity sha512-hAZsKq7Yy11Zu1DE0OzWjw7nnLZmJZYTDZZyEFHZdUhV8FkH5MCfoU1XMaxXovpyW5nq5scPqq0ZDP9Zyl04oQ==

uri-js@^4.4.0:
  version "4.4.1"
  resolved "https://registry.yarnpkg.com/uri-js/-/uri-js-4.4.1.tgz#9b1a52595225859e55f669d928f88c6c57f2a77e"
  integrity sha512-7rKUyy33Q1yc98pQ1DAmLtwX109F7TIfWlW1Ydo8Wl1ii1SeHieeh0HHfPeL2fMXK6z0s8ecKs9frCuLJvndBg==
  dependencies:
    punycode "^2.1.0"

util-deprecate@^1.0.1:
  version "1.0.2"
  resolved "https://registry.yarnpkg.com/util-deprecate/-/util-deprecate-1.0.2.tgz#450d4dc9fa70de732762fbd2d4a28981419a0ccf"
  integrity sha512-EPD5q1uXyFxJpCrLnCc1nHnq3gOa6DZBocAIiI2TaSCA7VCJ1UJDMagCzIkXNsUYfD1daK//LTEQ8xiIbrHtcw==

webidl-conversions@^3.0.0:
  version "3.0.1"
  resolved "https://registry.yarnpkg.com/webidl-conversions/-/webidl-conversions-3.0.1.tgz#24534275e2a7bc6be7bc86611cc16ae0a5654871"
  integrity sha512-2JAn3z8AR6rjK8Sm8orRC0h/bcl/DqL7tRPdGZ4I1CjdF+EaMLmYxBHyXuKL849eucPFhvBoxMsflfOb8kxaeQ==

whatwg-url@^5.0.0:
  version "5.0.0"
  resolved "https://registry.yarnpkg.com/whatwg-url/-/whatwg-url-5.0.0.tgz#966454e8765462e37644d3626f6742ce8b70965d"
  integrity sha512-saE57nupxk6v3HY35+jzBwYa0rKSy0XR8JSxZPwgLr7ys0IBzhGviA1/TUGJLmSVqs8pb9AnvICXEuOHLprYTw==
  dependencies:
    tr46 "~0.0.3"
    webidl-conversions "^3.0.0"

which@^2.0.1:
  version "2.0.2"
  resolved "https://registry.yarnpkg.com/which/-/which-2.0.2.tgz#7c6a8dd0a636a0327e10b59c9286eee93f3f51b1"
  integrity sha512-BLI3Tl1TW3Pvl70l3yq3Y64i+awpwXqsGBYWkkqMtnbXgrMD+yj7rhW0kuEDxzJaYXGjEW5ogapKNMEKNMjibA==
  dependencies:
    isexe "^2.0.0"

wrappy@1:
  version "1.0.2"
  resolved "https://registry.yarnpkg.com/wrappy/-/wrappy-1.0.2.tgz#b5243d8f3ec1aa35f1364605bc0d1036e30ab69f"
  integrity sha512-l4Sp/DRseor9wL6EvV2+TuQn63dMkPjZ/sp9XkghTEbV9KlPS1xUsZ3u7/IQO4wxtcFB4bgpQPRcR3QCvezPcQ==

yallist@^4.0.0:
  version "4.0.0"
  resolved "https://registry.yarnpkg.com/yallist/-/yallist-4.0.0.tgz#9bb92790d9c0effec63be73519e11a35019a3a72"
  integrity sha512-3wdGidZyq5PB084XLES5TpOSRA3wjXAlIWMhum2kRcv/41Sn2emQ0dycQW4uZXLejwKvg6EsvbdlVL+FYEct7A==

yocto-queue@^0.1.0:
  version "0.1.0"
  resolved "https://registry.yarnpkg.com/yocto-queue/-/yocto-queue-0.1.0.tgz#0294eb3dee05028d31ee1a5fa2c556a6aaf10a1b"
  integrity sha512-rVksvsnNCdJ/ohGc6xgPwyN8eheCxsiLM8mxuE/t/mOVqJewPuO1miLpTHQiRgTKCLexL4MeAFVagts7HmNZ2Q==
